
Microsoft Visual Studio Solution File, Format Version 12.00
# Visual Studio Version 16
VisualStudioVersion = 16.0.29806.167
MinimumVisualStudioVersion = 10.0.40219.1
Project("{FAE04EC0-301F-11D3-BF4B-00C04F79EFBC}") = "Komodo.Android", "Komodo.Android\Komodo.Android.csproj", "{9D865E56-7A7E-46A8-B2FC-942D07ADF3C4}"
EndProject
Project("{FAE04EC0-301F-11D3-BF4B-00C04F79EFBC}") = "Komodo.iOS", "Komodo.iOS\Komodo.iOS.csproj", "{FD984ACD-CC69-4B6B-9765-7E64CD051265}"
EndProject
Project("{9A19103F-16F7-4668-BE54-9A1E7A4F7556}") = "Komodo", "Komodo\Komodo.csproj", "{FD8296B2-0187-4BC1-8ECB-42284AEB8668}"
EndProject
Project("{2150E333-8FDC-42A3-9474-1A3956D46DE8}") = "Solution Items", "Solution Items", "{CE5485E1-2DA4-4D0C-B858-59F61102ACED}"
	ProjectSection(SolutionItems) = preProject
		.editorconfig = .editorconfig
	EndProjectSection
EndProject
Project("{FAE04EC0-301F-11D3-BF4B-00C04F79EFBC}") = "KomodoBackend", "KomodoBackend\KomodoBackend.csproj", "{88DFAF1E-9942-442F-8B4C-DA281BF3BB1F}"
EndProject
Project("{FAE04EC0-301F-11D3-BF4B-00C04F79EFBC}") = "WebAPI", "WebAPI\WebAPI.csproj", "{272BDA55-C1AB-4A80-A7B9-7134120D3AFE}"
EndProject
Project("{9A19103F-16F7-4668-BE54-9A1E7A4F7556}") = "KomodoAPI", "..\KomodoAPI\KomodoAPI.csproj", "{D2AC68FD-30E8-476E-86F4-58DA3CE52F1F}"
EndProject
Global
	GlobalSection(SolutionConfigurationPlatforms) = preSolution
		Debug|Any CPU = Debug|Any CPU
		Debug|ARM = Debug|ARM
		Debug|iPhone = Debug|iPhone
		Debug|iPhoneSimulator = Debug|iPhoneSimulator
		Debug|x64 = Debug|x64
		Debug|x86 = Debug|x86
		Release|Any CPU = Release|Any CPU
		Release|ARM = Release|ARM
		Release|iPhone = Release|iPhone
		Release|iPhoneSimulator = Release|iPhoneSimulator
		Release|x64 = Release|x64
		Release|x86 = Release|x86
	EndGlobalSection
	GlobalSection(ProjectConfigurationPlatforms) = postSolution
		{9D865E56-7A7E-46A8-B2FC-942D07ADF3C4}.Debug|Any CPU.ActiveCfg = Debug|Any CPU
		{9D865E56-7A7E-46A8-B2FC-942D07ADF3C4}.Debug|Any CPU.Build.0 = Debug|Any CPU
		{9D865E56-7A7E-46A8-B2FC-942D07ADF3C4}.Debug|Any CPU.Deploy.0 = Debug|Any CPU
		{9D865E56-7A7E-46A8-B2FC-942D07ADF3C4}.Debug|ARM.ActiveCfg = Debug|Any CPU
		{9D865E56-7A7E-46A8-B2FC-942D07ADF3C4}.Debug|ARM.Build.0 = Debug|Any CPU
		{9D865E56-7A7E-46A8-B2FC-942D07ADF3C4}.Debug|ARM.Deploy.0 = Debug|Any CPU
		{9D865E56-7A7E-46A8-B2FC-942D07ADF3C4}.Debug|iPhone.ActiveCfg = Debug|Any CPU
		{9D865E56-7A7E-46A8-B2FC-942D07ADF3C4}.Debug|iPhone.Build.0 = Debug|Any CPU
		{9D865E56-7A7E-46A8-B2FC-942D07ADF3C4}.Debug|iPhone.Deploy.0 = Debug|Any CPU
		{9D865E56-7A7E-46A8-B2FC-942D07ADF3C4}.Debug|iPhoneSimulator.ActiveCfg = Debug|Any CPU
		{9D865E56-7A7E-46A8-B2FC-942D07ADF3C4}.Debug|iPhoneSimulator.Build.0 = Debug|Any CPU
		{9D865E56-7A7E-46A8-B2FC-942D07ADF3C4}.Debug|iPhoneSimulator.Deploy.0 = Debug|Any CPU
		{9D865E56-7A7E-46A8-B2FC-942D07ADF3C4}.Debug|x64.ActiveCfg = Debug|Any CPU
		{9D865E56-7A7E-46A8-B2FC-942D07ADF3C4}.Debug|x64.Build.0 = Debug|Any CPU
		{9D865E56-7A7E-46A8-B2FC-942D07ADF3C4}.Debug|x64.Deploy.0 = Debug|Any CPU
		{9D865E56-7A7E-46A8-B2FC-942D07ADF3C4}.Debug|x86.ActiveCfg = Debug|Any CPU
		{9D865E56-7A7E-46A8-B2FC-942D07ADF3C4}.Debug|x86.Build.0 = Debug|Any CPU
		{9D865E56-7A7E-46A8-B2FC-942D07ADF3C4}.Debug|x86.Deploy.0 = Debug|Any CPU
		{9D865E56-7A7E-46A8-B2FC-942D07ADF3C4}.Release|Any CPU.ActiveCfg = Release|Any CPU
		{9D865E56-7A7E-46A8-B2FC-942D07ADF3C4}.Release|Any CPU.Build.0 = Release|Any CPU
		{9D865E56-7A7E-46A8-B2FC-942D07ADF3C4}.Release|Any CPU.Deploy.0 = Release|Any CPU
		{9D865E56-7A7E-46A8-B2FC-942D07ADF3C4}.Release|ARM.ActiveCfg = Release|Any CPU
		{9D865E56-7A7E-46A8-B2FC-942D07ADF3C4}.Release|ARM.Build.0 = Release|Any CPU
		{9D865E56-7A7E-46A8-B2FC-942D07ADF3C4}.Release|ARM.Deploy.0 = Release|Any CPU
		{9D865E56-7A7E-46A8-B2FC-942D07ADF3C4}.Release|iPhone.ActiveCfg = Release|Any CPU
		{9D865E56-7A7E-46A8-B2FC-942D07ADF3C4}.Release|iPhone.Build.0 = Release|Any CPU
		{9D865E56-7A7E-46A8-B2FC-942D07ADF3C4}.Release|iPhone.Deploy.0 = Release|Any CPU
		{9D865E56-7A7E-46A8-B2FC-942D07ADF3C4}.Release|iPhoneSimulator.ActiveCfg = Release|Any CPU
		{9D865E56-7A7E-46A8-B2FC-942D07ADF3C4}.Release|iPhoneSimulator.Build.0 = Release|Any CPU
		{9D865E56-7A7E-46A8-B2FC-942D07ADF3C4}.Release|iPhoneSimulator.Deploy.0 = Release|Any CPU
		{9D865E56-7A7E-46A8-B2FC-942D07ADF3C4}.Release|x64.ActiveCfg = Release|Any CPU
		{9D865E56-7A7E-46A8-B2FC-942D07ADF3C4}.Release|x64.Build.0 = Release|Any CPU
		{9D865E56-7A7E-46A8-B2FC-942D07ADF3C4}.Release|x64.Deploy.0 = Release|Any CPU
		{9D865E56-7A7E-46A8-B2FC-942D07ADF3C4}.Release|x86.ActiveCfg = Release|Any CPU
		{9D865E56-7A7E-46A8-B2FC-942D07ADF3C4}.Release|x86.Build.0 = Release|Any CPU
		{9D865E56-7A7E-46A8-B2FC-942D07ADF3C4}.Release|x86.Deploy.0 = Release|Any CPU
		{FD984ACD-CC69-4B6B-9765-7E64CD051265}.Debug|Any CPU.ActiveCfg = Debug|iPhone
		{FD984ACD-CC69-4B6B-9765-7E64CD051265}.Debug|Any CPU.Build.0 = Debug|iPhone
		{FD984ACD-CC69-4B6B-9765-7E64CD051265}.Debug|Any CPU.Deploy.0 = Debug|iPhone
		{FD984ACD-CC69-4B6B-9765-7E64CD051265}.Debug|ARM.ActiveCfg = Debug|iPhoneSimulator
		{FD984ACD-CC69-4B6B-9765-7E64CD051265}.Debug|ARM.Build.0 = Debug|iPhoneSimulator
		{FD984ACD-CC69-4B6B-9765-7E64CD051265}.Debug|ARM.Deploy.0 = Debug|iPhoneSimulator
		{FD984ACD-CC69-4B6B-9765-7E64CD051265}.Debug|iPhone.ActiveCfg = Debug|iPhone
		{FD984ACD-CC69-4B6B-9765-7E64CD051265}.Debug|iPhone.Build.0 = Debug|iPhone
		{FD984ACD-CC69-4B6B-9765-7E64CD051265}.Debug|iPhone.Deploy.0 = Debug|iPhone
		{FD984ACD-CC69-4B6B-9765-7E64CD051265}.Debug|iPhoneSimulator.ActiveCfg = Debug|iPhoneSimulator
		{FD984ACD-CC69-4B6B-9765-7E64CD051265}.Debug|iPhoneSimulator.Build.0 = Debug|iPhoneSimulator
		{FD984ACD-CC69-4B6B-9765-7E64CD051265}.Debug|iPhoneSimulator.Deploy.0 = Debug|iPhoneSimulator
		{FD984ACD-CC69-4B6B-9765-7E64CD051265}.Debug|x64.ActiveCfg = Debug|iPhone
		{FD984ACD-CC69-4B6B-9765-7E64CD051265}.Debug|x64.Build.0 = Debug|iPhone
		{FD984ACD-CC69-4B6B-9765-7E64CD051265}.Debug|x64.Deploy.0 = Debug|iPhone
		{FD984ACD-CC69-4B6B-9765-7E64CD051265}.Debug|x86.ActiveCfg = Debug|iPhone
		{FD984ACD-CC69-4B6B-9765-7E64CD051265}.Debug|x86.Build.0 = Debug|iPhone
		{FD984ACD-CC69-4B6B-9765-7E64CD051265}.Debug|x86.Deploy.0 = Debug|iPhone
		{FD984ACD-CC69-4B6B-9765-7E64CD051265}.Release|Any CPU.ActiveCfg = Release|iPhone
		{FD984ACD-CC69-4B6B-9765-7E64CD051265}.Release|Any CPU.Build.0 = Release|iPhone
		{FD984ACD-CC69-4B6B-9765-7E64CD051265}.Release|Any CPU.Deploy.0 = Release|iPhone
		{FD984ACD-CC69-4B6B-9765-7E64CD051265}.Release|ARM.ActiveCfg = Release|iPhone
		{FD984ACD-CC69-4B6B-9765-7E64CD051265}.Release|ARM.Build.0 = Release|iPhone
		{FD984ACD-CC69-4B6B-9765-7E64CD051265}.Release|ARM.Deploy.0 = Release|iPhone
		{FD984ACD-CC69-4B6B-9765-7E64CD051265}.Release|iPhone.ActiveCfg = Release|iPhone
		{FD984ACD-CC69-4B6B-9765-7E64CD051265}.Release|iPhone.Build.0 = Release|iPhone
		{FD984ACD-CC69-4B6B-9765-7E64CD051265}.Release|iPhone.Deploy.0 = Release|iPhone
		{FD984ACD-CC69-4B6B-9765-7E64CD051265}.Release|iPhoneSimulator.ActiveCfg = Release|iPhoneSimulator
		{FD984ACD-CC69-4B6B-9765-7E64CD051265}.Release|iPhoneSimulator.Build.0 = Release|iPhoneSimulator
		{FD984ACD-CC69-4B6B-9765-7E64CD051265}.Release|iPhoneSimulator.Deploy.0 = Release|iPhoneSimulator
		{FD984ACD-CC69-4B6B-9765-7E64CD051265}.Release|x64.ActiveCfg = Release|iPhone
		{FD984ACD-CC69-4B6B-9765-7E64CD051265}.Release|x64.Build.0 = Release|iPhone
		{FD984ACD-CC69-4B6B-9765-7E64CD051265}.Release|x64.Deploy.0 = Release|iPhone
		{FD984ACD-CC69-4B6B-9765-7E64CD051265}.Release|x86.ActiveCfg = Release|iPhone
		{FD984ACD-CC69-4B6B-9765-7E64CD051265}.Release|x86.Build.0 = Release|iPhone
		{FD984ACD-CC69-4B6B-9765-7E64CD051265}.Release|x86.Deploy.0 = Release|iPhone
		{FD8296B2-0187-4BC1-8ECB-42284AEB8668}.Debug|Any CPU.ActiveCfg = Debug|Any CPU
		{FD8296B2-0187-4BC1-8ECB-42284AEB8668}.Debug|Any CPU.Build.0 = Debug|Any CPU
		{FD8296B2-0187-4BC1-8ECB-42284AEB8668}.Debug|Any CPU.Deploy.0 = Debug|Any CPU
		{FD8296B2-0187-4BC1-8ECB-42284AEB8668}.Debug|ARM.ActiveCfg = Debug|Any CPU
		{FD8296B2-0187-4BC1-8ECB-42284AEB8668}.Debug|ARM.Build.0 = Debug|Any CPU
		{FD8296B2-0187-4BC1-8ECB-42284AEB8668}.Debug|ARM.Deploy.0 = Debug|Any CPU
		{FD8296B2-0187-4BC1-8ECB-42284AEB8668}.Debug|iPhone.ActiveCfg = Debug|Any CPU
		{FD8296B2-0187-4BC1-8ECB-42284AEB8668}.Debug|iPhone.Build.0 = Debug|Any CPU
		{FD8296B2-0187-4BC1-8ECB-42284AEB8668}.Debug|iPhone.Deploy.0 = Debug|Any CPU
		{FD8296B2-0187-4BC1-8ECB-42284AEB8668}.Debug|iPhoneSimulator.ActiveCfg = Debug|Any CPU
		{FD8296B2-0187-4BC1-8ECB-42284AEB8668}.Debug|iPhoneSimulator.Build.0 = Debug|Any CPU
		{FD8296B2-0187-4BC1-8ECB-42284AEB8668}.Debug|iPhoneSimulator.Deploy.0 = Debug|Any CPU
		{FD8296B2-0187-4BC1-8ECB-42284AEB8668}.Debug|x64.ActiveCfg = Debug|Any CPU
		{FD8296B2-0187-4BC1-8ECB-42284AEB8668}.Debug|x64.Build.0 = Debug|Any CPU
		{FD8296B2-0187-4BC1-8ECB-42284AEB8668}.Debug|x64.Deploy.0 = Debug|Any CPU
		{FD8296B2-0187-4BC1-8ECB-42284AEB8668}.Debug|x86.ActiveCfg = Debug|Any CPU
		{FD8296B2-0187-4BC1-8ECB-42284AEB8668}.Debug|x86.Build.0 = Debug|Any CPU
		{FD8296B2-0187-4BC1-8ECB-42284AEB8668}.Debug|x86.Deploy.0 = Debug|Any CPU
		{FD8296B2-0187-4BC1-8ECB-42284AEB8668}.Release|Any CPU.ActiveCfg = Release|Any CPU
		{FD8296B2-0187-4BC1-8ECB-42284AEB8668}.Release|Any CPU.Build.0 = Release|Any CPU
		{FD8296B2-0187-4BC1-8ECB-42284AEB8668}.Release|Any CPU.Deploy.0 = Release|Any CPU
		{FD8296B2-0187-4BC1-8ECB-42284AEB8668}.Release|ARM.ActiveCfg = Release|Any CPU
		{FD8296B2-0187-4BC1-8ECB-42284AEB8668}.Release|ARM.Build.0 = Release|Any CPU
		{FD8296B2-0187-4BC1-8ECB-42284AEB8668}.Release|ARM.Deploy.0 = Release|Any CPU
		{FD8296B2-0187-4BC1-8ECB-42284AEB8668}.Release|iPhone.ActiveCfg = Release|Any CPU
		{FD8296B2-0187-4BC1-8ECB-42284AEB8668}.Release|iPhone.Build.0 = Release|Any CPU
		{FD8296B2-0187-4BC1-8ECB-42284AEB8668}.Release|iPhone.Deploy.0 = Release|Any CPU
		{FD8296B2-0187-4BC1-8ECB-42284AEB8668}.Release|iPhoneSimulator.ActiveCfg = Release|Any CPU
		{FD8296B2-0187-4BC1-8ECB-42284AEB8668}.Release|iPhoneSimulator.Build.0 = Release|Any CPU
		{FD8296B2-0187-4BC1-8ECB-42284AEB8668}.Release|iPhoneSimulator.Deploy.0 = Release|Any CPU
		{FD8296B2-0187-4BC1-8ECB-42284AEB8668}.Release|x64.ActiveCfg = Release|Any CPU
		{FD8296B2-0187-4BC1-8ECB-42284AEB8668}.Release|x64.Build.0 = Release|Any CPU
		{FD8296B2-0187-4BC1-8ECB-42284AEB8668}.Release|x64.Deploy.0 = Release|Any CPU
		{FD8296B2-0187-4BC1-8ECB-42284AEB8668}.Release|x86.ActiveCfg = Release|Any CPU
		{FD8296B2-0187-4BC1-8ECB-42284AEB8668}.Release|x86.Build.0 = Release|Any CPU
		{FD8296B2-0187-4BC1-8ECB-42284AEB8668}.Release|x86.Deploy.0 = Release|Any CPU
		{88DFAF1E-9942-442F-8B4C-DA281BF3BB1F}.Debug|Any CPU.ActiveCfg = Debug|Any CPU
		{88DFAF1E-9942-442F-8B4C-DA281BF3BB1F}.Debug|Any CPU.Build.0 = Debug|Any CPU
		{88DFAF1E-9942-442F-8B4C-DA281BF3BB1F}.Debug|ARM.ActiveCfg = Debug|Any CPU
		{88DFAF1E-9942-442F-8B4C-DA281BF3BB1F}.Debug|ARM.Build.0 = Debug|Any CPU
		{88DFAF1E-9942-442F-8B4C-DA281BF3BB1F}.Debug|iPhone.ActiveCfg = Debug|Any CPU
		{88DFAF1E-9942-442F-8B4C-DA281BF3BB1F}.Debug|iPhone.Build.0 = Debug|Any CPU
		{88DFAF1E-9942-442F-8B4C-DA281BF3BB1F}.Debug|iPhoneSimulator.ActiveCfg = Debug|Any CPU
		{88DFAF1E-9942-442F-8B4C-DA281BF3BB1F}.Debug|iPhoneSimulator.Build.0 = Debug|Any CPU
		{88DFAF1E-9942-442F-8B4C-DA281BF3BB1F}.Debug|x64.ActiveCfg = Debug|Any CPU
		{88DFAF1E-9942-442F-8B4C-DA281BF3BB1F}.Debug|x64.Build.0 = Debug|Any CPU
		{88DFAF1E-9942-442F-8B4C-DA281BF3BB1F}.Debug|x86.ActiveCfg = Debug|Any CPU
		{88DFAF1E-9942-442F-8B4C-DA281BF3BB1F}.Debug|x86.Build.0 = Debug|Any CPU
		{88DFAF1E-9942-442F-8B4C-DA281BF3BB1F}.Release|Any CPU.ActiveCfg = Release|Any CPU
		{88DFAF1E-9942-442F-8B4C-DA281BF3BB1F}.Release|Any CPU.Build.0 = Release|Any CPU
		{88DFAF1E-9942-442F-8B4C-DA281BF3BB1F}.Release|ARM.ActiveCfg = Release|Any CPU
		{88DFAF1E-9942-442F-8B4C-DA281BF3BB1F}.Release|ARM.Build.0 = Release|Any CPU
		{88DFAF1E-9942-442F-8B4C-DA281BF3BB1F}.Release|iPhone.ActiveCfg = Release|Any CPU
		{88DFAF1E-9942-442F-8B4C-DA281BF3BB1F}.Release|iPhone.Build.0 = Release|Any CPU
		{88DFAF1E-9942-442F-8B4C-DA281BF3BB1F}.Release|iPhoneSimulator.ActiveCfg = Release|Any CPU
		{88DFAF1E-9942-442F-8B4C-DA281BF3BB1F}.Release|iPhoneSimulator.Build.0 = Release|Any CPU
		{88DFAF1E-9942-442F-8B4C-DA281BF3BB1F}.Release|x64.ActiveCfg = Release|Any CPU
		{88DFAF1E-9942-442F-8B4C-DA281BF3BB1F}.Release|x64.Build.0 = Release|Any CPU
		{88DFAF1E-9942-442F-8B4C-DA281BF3BB1F}.Release|x86.ActiveCfg = Release|Any CPU
		{88DFAF1E-9942-442F-8B4C-DA281BF3BB1F}.Release|x86.Build.0 = Release|Any CPU
		{272BDA55-C1AB-4A80-A7B9-7134120D3AFE}.Debug|Any CPU.ActiveCfg = Debug|Any CPU
		{272BDA55-C1AB-4A80-A7B9-7134120D3AFE}.Debug|Any CPU.Build.0 = Debug|Any CPU
		{272BDA55-C1AB-4A80-A7B9-7134120D3AFE}.Debug|ARM.ActiveCfg = Debug|Any CPU
		{272BDA55-C1AB-4A80-A7B9-7134120D3AFE}.Debug|ARM.Build.0 = Debug|Any CPU
		{272BDA55-C1AB-4A80-A7B9-7134120D3AFE}.Debug|iPhone.ActiveCfg = Debug|Any CPU
		{272BDA55-C1AB-4A80-A7B9-7134120D3AFE}.Debug|iPhone.Build.0 = Debug|Any CPU
		{272BDA55-C1AB-4A80-A7B9-7134120D3AFE}.Debug|iPhoneSimulator.ActiveCfg = Debug|Any CPU
		{272BDA55-C1AB-4A80-A7B9-7134120D3AFE}.Debug|iPhoneSimulator.Build.0 = Debug|Any CPU
		{272BDA55-C1AB-4A80-A7B9-7134120D3AFE}.Debug|x64.ActiveCfg = Debug|Any CPU
		{272BDA55-C1AB-4A80-A7B9-7134120D3AFE}.Debug|x64.Build.0 = Debug|Any CPU
		{272BDA55-C1AB-4A80-A7B9-7134120D3AFE}.Debug|x86.ActiveCfg = Debug|Any CPU
		{272BDA55-C1AB-4A80-A7B9-7134120D3AFE}.Debug|x86.Build.0 = Debug|Any CPU
		{272BDA55-C1AB-4A80-A7B9-7134120D3AFE}.Release|Any CPU.ActiveCfg = Release|Any CPU
		{272BDA55-C1AB-4A80-A7B9-7134120D3AFE}.Release|Any CPU.Build.0 = Release|Any CPU
		{272BDA55-C1AB-4A80-A7B9-7134120D3AFE}.Release|ARM.ActiveCfg = Release|Any CPU
		{272BDA55-C1AB-4A80-A7B9-7134120D3AFE}.Release|ARM.Build.0 = Release|Any CPU
		{272BDA55-C1AB-4A80-A7B9-7134120D3AFE}.Release|iPhone.ActiveCfg = Release|Any CPU
		{272BDA55-C1AB-4A80-A7B9-7134120D3AFE}.Release|iPhone.Build.0 = Release|Any CPU
		{272BDA55-C1AB-4A80-A7B9-7134120D3AFE}.Release|iPhoneSimulator.ActiveCfg = Release|Any CPU
		{272BDA55-C1AB-4A80-A7B9-7134120D3AFE}.Release|iPhoneSimulator.Build.0 = Release|Any CPU
		{272BDA55-C1AB-4A80-A7B9-7134120D3AFE}.Release|x64.ActiveCfg = Release|Any CPU
		{272BDA55-C1AB-4A80-A7B9-7134120D3AFE}.Release|x64.Build.0 = Release|Any CPU
		{272BDA55-C1AB-4A80-A7B9-7134120D3AFE}.Release|x86.ActiveCfg = Release|Any CPU
		{272BDA55-C1AB-4A80-A7B9-7134120D3AFE}.Release|x86.Build.0 = Release|Any CPU
		{D2AC68FD-30E8-476E-86F4-58DA3CE52F1F}.Debug|Any CPU.ActiveCfg = Debug|Any CPU
		{D2AC68FD-30E8-476E-86F4-58DA3CE52F1F}.Debug|Any CPU.Build.0 = Debug|Any CPU
		{D2AC68FD-30E8-476E-86F4-58DA3CE52F1F}.Debug|ARM.ActiveCfg = Debug|Any CPU
		{D2AC68FD-30E8-476E-86F4-58DA3CE52F1F}.Debug|ARM.Build.0 = Debug|Any CPU
		{D2AC68FD-30E8-476E-86F4-58DA3CE52F1F}.Debug|iPhone.ActiveCfg = Debug|Any CPU
		{D2AC68FD-30E8-476E-86F4-58DA3CE52F1F}.Debug|iPhone.Build.0 = Debug|Any CPU
		{D2AC68FD-30E8-476E-86F4-58DA3CE52F1F}.Debug|iPhoneSimulator.ActiveCfg = Debug|Any CPU
		{D2AC68FD-30E8-476E-86F4-58DA3CE52F1F}.Debug|iPhoneSimulator.Build.0 = Debug|Any CPU
		{D2AC68FD-30E8-476E-86F4-58DA3CE52F1F}.Debug|x64.ActiveCfg = Debug|Any CPU
		{D2AC68FD-30E8-476E-86F4-58DA3CE52F1F}.Debug|x64.Build.0 = Debug|Any CPU
		{D2AC68FD-30E8-476E-86F4-58DA3CE52F1F}.Debug|x86.ActiveCfg = Debug|Any CPU
		{D2AC68FD-30E8-476E-86F4-58DA3CE52F1F}.Debug|x86.Build.0 = Debug|Any CPU
		{D2AC68FD-30E8-476E-86F4-58DA3CE52F1F}.Release|Any CPU.ActiveCfg = Release|Any CPU
		{D2AC68FD-30E8-476E-86F4-58DA3CE52F1F}.Release|Any CPU.Build.0 = Release|Any CPU
		{D2AC68FD-30E8-476E-86F4-58DA3CE52F1F}.Release|ARM.ActiveCfg = Release|Any CPU
		{D2AC68FD-30E8-476E-86F4-58DA3CE52F1F}.Release|ARM.Build.0 = Release|Any CPU
		{D2AC68FD-30E8-476E-86F4-58DA3CE52F1F}.Release|iPhone.ActiveCfg = Release|Any CPU
		{D2AC68FD-30E8-476E-86F4-58DA3CE52F1F}.Release|iPhone.Build.0 = Release|Any CPU
		{D2AC68FD-30E8-476E-86F4-58DA3CE52F1F}.Release|iPhoneSimulator.ActiveCfg = Release|Any CPU
		{D2AC68FD-30E8-476E-86F4-58DA3CE52F1F}.Release|iPhoneSimulator.Build.0 = Release|Any CPU
		{D2AC68FD-30E8-476E-86F4-58DA3CE52F1F}.Release|x64.ActiveCfg = Release|Any CPU
		{D2AC68FD-30E8-476E-86F4-58DA3CE52F1F}.Release|x64.Build.0 = Release|Any CPU
		{D2AC68FD-30E8-476E-86F4-58DA3CE52F1F}.Release|x86.ActiveCfg = Release|Any CPU
		{D2AC68FD-30E8-476E-86F4-58DA3CE52F1F}.Release|x86.Build.0 = Release|Any CPU
	EndGlobalSection
	GlobalSection(SolutionProperties) = preSolution
		HideSolutionNode = FALSE
	EndGlobalSection
	GlobalSection(ExtensibilityGlobals) = postSolution
		SolutionGuid = {79A22DFD-A074-46EC-A4A8-D5960FA73635}
	EndGlobalSection
EndGlobal
